# auto-generated by grc.converter

id: zigbee_preamble_prefixer_scapy
label: preamble_prefixer_scapy
category: '[zigbee]'

inputs:
-   domain: message
    id: in

outputs:
-   domain: message
    id: out

templates:
    imports: import gnuradio.zigbee as zigbee
    make: zigbee.preamble_prefixer_scapy()

file_format: 1
