# auto-generated by grc.converter

id: bt4le_packet_sink
label: Packet sink
category: '[BT4LE]'

parameters:
-   id: i_chan_nbr
    label: I_chan_nbr
    dtype: int

inputs:
-   domain: stream
    dtype: byte

outputs:
-   domain: message
    id: out

templates:
    imports: import gnuradio.bt4le as bt4le
    make: bt4le.packet_sink(${i_chan_nbr})

file_format: 1
