# auto-generated by grc.converter

id: bt4le_whitening
label: Whitening
category: '[BT4LE]'

parameters:
-   id: chan_nbr
    label: Chan_nbr
    dtype: int
    default: '0'

inputs:
-   domain: message
    id: in

outputs:
-   domain: message
    id: out

templates:
    imports: import gnuradio.bt4le as bt4le
    make: bt4le.whitening(${chan_nbr})

file_format: 1
